Microsoft Visual Studio Solution File, Format Version 12.00
# Visual Studio 2013
Project("{8BC9CEB8-8B4A-11D0-8D11-00A0C91BC942}") = "ALL_BUILD", "ALL_BUILD.vcxproj", "{6E24797B-9E7F-46B9-8297-63E9BC57A890}"
	ProjectSection(ProjectDependencies) = postProject
		{77004230-08B0-48CB-BB4C-7367EB5D1AE8} = {77004230-08B0-48CB-BB4C-7367EB5D1AE8}
		{0C621F2F-6519-4E9B-BA4D-3649F245090E} = {0C621F2F-6519-4E9B-BA4D-3649F245090E}
		{01B28F13-836B-407B-82F4-40048A8DA04A} = {01B28F13-836B-407B-82F4-40048A8DA04A}
		{6662B89C-CEA7-4652-BA6C-C4AE7ACF9D3C} = {6662B89C-CEA7-4652-BA6C-C4AE7ACF9D3C}
		{43D9AAE5-D188-4B94-9BAB-E2F96961368C} = {43D9AAE5-D188-4B94-9BAB-E2F96961368C}
	EndProjectSection
EndProject
Project("{8BC9CEB8-8B4A-11D0-8D11-00A0C91BC942}") = "INSTALL", "INSTALL.vcxproj", "{17B68F5F-5EB9-4695-8641-F45BA3641CA6}"
	ProjectSection(ProjectDependencies) = postProject
		{6E24797B-9E7F-46B9-8297-63E9BC57A890} = {6E24797B-9E7F-46B9-8297-63E9BC57A890}
	EndProjectSection
EndProject
Project("{8BC9CEB8-8B4A-11D0-8D11-00A0C91BC942}") = "PACKAGE", "PACKAGE.vcxproj", "{BAA249DD-8998-4D39-9F9B-801C27E2C533}"
	ProjectSection(ProjectDependencies) = postProject
		{6E24797B-9E7F-46B9-8297-63E9BC57A890} = {6E24797B-9E7F-46B9-8297-63E9BC57A890}
	EndProjectSection
EndProject
Project("{8BC9CEB8-8B4A-11D0-8D11-00A0C91BC942}") = "ZERO_CHECK", "ZERO_CHECK.vcxproj", "{77004230-08B0-48CB-BB4C-7367EB5D1AE8}"
	ProjectSection(ProjectDependencies) = postProject
	EndProjectSection
EndProject
Project("{8BC9CEB8-8B4A-11D0-8D11-00A0C91BC942}") = "liblua", "liblua.vcxproj", "{0C621F2F-6519-4E9B-BA4D-3649F245090E}"
	ProjectSection(ProjectDependencies) = postProject
		{77004230-08B0-48CB-BB4C-7367EB5D1AE8} = {77004230-08B0-48CB-BB4C-7367EB5D1AE8}
	EndProjectSection
EndProject
Project("{8BC9CEB8-8B4A-11D0-8D11-00A0C91BC942}") = "lua", "lua.vcxproj", "{01B28F13-836B-407B-82F4-40048A8DA04A}"
	ProjectSection(ProjectDependencies) = postProject
		{77004230-08B0-48CB-BB4C-7367EB5D1AE8} = {77004230-08B0-48CB-BB4C-7367EB5D1AE8}
		{0C621F2F-6519-4E9B-BA4D-3649F245090E} = {0C621F2F-6519-4E9B-BA4D-3649F245090E}
	EndProjectSection
EndProject
Project("{8BC9CEB8-8B4A-11D0-8D11-00A0C91BC942}") = "luac", "luac.vcxproj", "{6662B89C-CEA7-4652-BA6C-C4AE7ACF9D3C}"
	ProjectSection(ProjectDependencies) = postProject
		{77004230-08B0-48CB-BB4C-7367EB5D1AE8} = {77004230-08B0-48CB-BB4C-7367EB5D1AE8}
	EndProjectSection
EndProject
Project("{8BC9CEB8-8B4A-11D0-8D11-00A0C91BC942}") = "wlua", "wlua.vcxproj", "{43D9AAE5-D188-4B94-9BAB-E2F96961368C}"
	ProjectSection(ProjectDependencies) = postProject
		{77004230-08B0-48CB-BB4C-7367EB5D1AE8} = {77004230-08B0-48CB-BB4C-7367EB5D1AE8}
		{0C621F2F-6519-4E9B-BA4D-3649F245090E} = {0C621F2F-6519-4E9B-BA4D-3649F245090E}
	EndProjectSection
EndProject
Global
	GlobalSection(SolutionConfigurationPlatforms) = preSolution
		Debug|Win32 = Debug|Win32
		Release|Win32 = Release|Win32
		MinSizeRel|Win32 = MinSizeRel|Win32
		RelWithDebInfo|Win32 = RelWithDebInfo|Win32
	EndGlobalSection
	GlobalSection(ProjectConfigurationPlatforms) = postSolution
		{6E24797B-9E7F-46B9-8297-63E9BC57A890}.Debug|Win32.ActiveCfg = Debug|Win32
		{6E24797B-9E7F-46B9-8297-63E9BC57A890}.Debug|Win32.Build.0 = Debug|Win32
		{6E24797B-9E7F-46B9-8297-63E9BC57A890}.Release|Win32.ActiveCfg = Release|Win32
		{6E24797B-9E7F-46B9-8297-63E9BC57A890}.Release|Win32.Build.0 = Release|Win32
		{6E24797B-9E7F-46B9-8297-63E9BC57A890}.MinSizeRel|Win32.ActiveCfg = MinSizeRel|Win32
		{6E24797B-9E7F-46B9-8297-63E9BC57A890}.MinSizeRel|Win32.Build.0 = MinSizeRel|Win32
		{6E24797B-9E7F-46B9-8297-63E9BC57A890}.RelWithDebInfo|Win32.ActiveCfg = RelWithDebInfo|Win32
		{6E24797B-9E7F-46B9-8297-63E9BC57A890}.RelWithDebInfo|Win32.Build.0 = RelWithDebInfo|Win32
		{17B68F5F-5EB9-4695-8641-F45BA3641CA6}.Debug|Win32.ActiveCfg = Debug|Win32
		{17B68F5F-5EB9-4695-8641-F45BA3641CA6}.Release|Win32.ActiveCfg = Release|Win32
		{17B68F5F-5EB9-4695-8641-F45BA3641CA6}.MinSizeRel|Win32.ActiveCfg = MinSizeRel|Win32
		{17B68F5F-5EB9-4695-8641-F45BA3641CA6}.RelWithDebInfo|Win32.ActiveCfg = RelWithDebInfo|Win32
		{BAA249DD-8998-4D39-9F9B-801C27E2C533}.Debug|Win32.ActiveCfg = Debug|Win32
		{BAA249DD-8998-4D39-9F9B-801C27E2C533}.Release|Win32.ActiveCfg = Release|Win32
		{BAA249DD-8998-4D39-9F9B-801C27E2C533}.MinSizeRel|Win32.ActiveCfg = MinSizeRel|Win32
		{BAA249DD-8998-4D39-9F9B-801C27E2C533}.RelWithDebInfo|Win32.ActiveCfg = RelWithDebInfo|Win32
		{77004230-08B0-48CB-BB4C-7367EB5D1AE8}.Debug|Win32.ActiveCfg = Debug|Win32
		{77004230-08B0-48CB-BB4C-7367EB5D1AE8}.Debug|Win32.Build.0 = Debug|Win32
		{77004230-08B0-48CB-BB4C-7367EB5D1AE8}.Release|Win32.ActiveCfg = Release|Win32
		{77004230-08B0-48CB-BB4C-7367EB5D1AE8}.Release|Win32.Build.0 = Release|Win32
		{77004230-08B0-48CB-BB4C-7367EB5D1AE8}.MinSizeRel|Win32.ActiveCfg = MinSizeRel|Win32
		{77004230-08B0-48CB-BB4C-7367EB5D1AE8}.MinSizeRel|Win32.Build.0 = MinSizeRel|Win32
		{77004230-08B0-48CB-BB4C-7367EB5D1AE8}.RelWithDebInfo|Win32.ActiveCfg = RelWithDebInfo|Win32
		{77004230-08B0-48CB-BB4C-7367EB5D1AE8}.RelWithDebInfo|Win32.Build.0 = RelWithDebInfo|Win32
		{0C621F2F-6519-4E9B-BA4D-3649F245090E}.Debug|Win32.ActiveCfg = Debug|Win32
		{0C621F2F-6519-4E9B-BA4D-3649F245090E}.Debug|Win32.Build.0 = Debug|Win32
		{0C621F2F-6519-4E9B-BA4D-3649F245090E}.Release|Win32.ActiveCfg = Release|Win32
		{0C621F2F-6519-4E9B-BA4D-3649F245090E}.Release|Win32.Build.0 = Release|Win32
		{0C621F2F-6519-4E9B-BA4D-3649F245090E}.MinSizeRel|Win32.ActiveCfg = MinSizeRel|Win32
		{0C621F2F-6519-4E9B-BA4D-3649F245090E}.MinSizeRel|Win32.Build.0 = MinSizeRel|Win32
		{0C621F2F-6519-4E9B-BA4D-3649F245090E}.RelWithDebInfo|Win32.ActiveCfg = RelWithDebInfo|Win32
		{0C621F2F-6519-4E9B-BA4D-3649F245090E}.RelWithDebInfo|Win32.Build.0 = RelWithDebInfo|Win32
		{01B28F13-836B-407B-82F4-40048A8DA04A}.Debug|Win32.ActiveCfg = Debug|Win32
		{01B28F13-836B-407B-82F4-40048A8DA04A}.Debug|Win32.Build.0 = Debug|Win32
		{01B28F13-836B-407B-82F4-40048A8DA04A}.Release|Win32.ActiveCfg = Release|Win32
		{01B28F13-836B-407B-82F4-40048A8DA04A}.Release|Win32.Build.0 = Release|Win32
		{01B28F13-836B-407B-82F4-40048A8DA04A}.MinSizeRel|Win32.ActiveCfg = MinSizeRel|Win32
		{01B28F13-836B-407B-82F4-40048A8DA04A}.MinSizeRel|Win32.Build.0 = MinSizeRel|Win32
		{01B28F13-836B-407B-82F4-40048A8DA04A}.RelWithDebInfo|Win32.ActiveCfg = RelWithDebInfo|Win32
		{01B28F13-836B-407B-82F4-40048A8DA04A}.RelWithDebInfo|Win32.Build.0 = RelWithDebInfo|Win32
		{6662B89C-CEA7-4652-BA6C-C4AE7ACF9D3C}.Debug|Win32.ActiveCfg = Debug|Win32
		{6662B89C-CEA7-4652-BA6C-C4AE7ACF9D3C}.Debug|Win32.Build.0 = Debug|Win32
		{6662B89C-CEA7-4652-BA6C-C4AE7ACF9D3C}.Release|Win32.ActiveCfg = Release|Win32
		{6662B89C-CEA7-4652-BA6C-C4AE7ACF9D3C}.Release|Win32.Build.0 = Release|Win32
		{6662B89C-CEA7-4652-BA6C-C4AE7ACF9D3C}.MinSizeRel|Win32.ActiveCfg = MinSizeRel|Win32
		{6662B89C-CEA7-4652-BA6C-C4AE7ACF9D3C}.MinSizeRel|Win32.Build.0 = MinSizeRel|Win32
		{6662B89C-CEA7-4652-BA6C-C4AE7ACF9D3C}.RelWithDebInfo|Win32.ActiveCfg = RelWithDebInfo|Win32
		{6662B89C-CEA7-4652-BA6C-C4AE7ACF9D3C}.RelWithDebInfo|Win32.Build.0 = RelWithDebInfo|Win32
		{43D9AAE5-D188-4B94-9BAB-E2F96961368C}.Debug|Win32.ActiveCfg = Debug|Win32
		{43D9AAE5-D188-4B94-9BAB-E2F96961368C}.Debug|Win32.Build.0 = Debug|Win32
		{43D9AAE5-D188-4B94-9BAB-E2F96961368C}.Release|Win32.ActiveCfg = Release|Win32
		{43D9AAE5-D188-4B94-9BAB-E2F96961368C}.Release|Win32.Build.0 = Release|Win32
		{43D9AAE5-D188-4B94-9BAB-E2F96961368C}.MinSizeRel|Win32.ActiveCfg = MinSizeRel|Win32
		{43D9AAE5-D188-4B94-9BAB-E2F96961368C}.MinSizeRel|Win32.Build.0 = MinSizeRel|Win32
		{43D9AAE5-D188-4B94-9BAB-E2F96961368C}.RelWithDebInfo|Win32.ActiveCfg = RelWithDebInfo|Win32
		{43D9AAE5-D188-4B94-9BAB-E2F96961368C}.RelWithDebInfo|Win32.Build.0 = RelWithDebInfo|Win32
	EndGlobalSection
	GlobalSection(ExtensibilityGlobals) = postSolution
	EndGlobalSection
	GlobalSection(ExtensibilityAddIns) = postSolution
	EndGlobalSection
EndGlobal
