Microsoft Visual Studio Solution File, Format Version 12.00
# Visual Studio 2013
Project("{8BC9CEB8-8B4A-11D0-8D11-00A0C91BC942}") = "ALL_BUILD", "ALL_BUILD.vcxproj", "{1D0B26A1-3313-4DD5-8929-74076885545D}"
	ProjectSection(ProjectDependencies) = postProject
		{B86A602E-34B6-47B2-9744-CF7E44272A63} = {B86A602E-34B6-47B2-9744-CF7E44272A63}
		{FAC6F85E-7B5A-457E-A255-A0B819EA70BB} = {FAC6F85E-7B5A-457E-A255-A0B819EA70BB}
		{523EAD96-D33C-42FB-A3FF-4E447330AF5E} = {523EAD96-D33C-42FB-A3FF-4E447330AF5E}
		{15D3DF18-E38E-44C1-818A-E978E82FB045} = {15D3DF18-E38E-44C1-818A-E978E82FB045}
		{840EDE56-AFFF-4EDA-A28F-A639CE971E57} = {840EDE56-AFFF-4EDA-A28F-A639CE971E57}
	EndProjectSection
EndProject
Project("{8BC9CEB8-8B4A-11D0-8D11-00A0C91BC942}") = "INSTALL", "INSTALL.vcxproj", "{20784FF0-81AA-4BBC-98AE-41B86F532993}"
	ProjectSection(ProjectDependencies) = postProject
		{1D0B26A1-3313-4DD5-8929-74076885545D} = {1D0B26A1-3313-4DD5-8929-74076885545D}
	EndProjectSection
EndProject
Project("{8BC9CEB8-8B4A-11D0-8D11-00A0C91BC942}") = "PACKAGE", "PACKAGE.vcxproj", "{77504B33-2D64-4DAD-8D5F-60F8E7060F26}"
	ProjectSection(ProjectDependencies) = postProject
		{1D0B26A1-3313-4DD5-8929-74076885545D} = {1D0B26A1-3313-4DD5-8929-74076885545D}
	EndProjectSection
EndProject
Project("{8BC9CEB8-8B4A-11D0-8D11-00A0C91BC942}") = "ZERO_CHECK", "ZERO_CHECK.vcxproj", "{B86A602E-34B6-47B2-9744-CF7E44272A63}"
	ProjectSection(ProjectDependencies) = postProject
	EndProjectSection
EndProject
Project("{8BC9CEB8-8B4A-11D0-8D11-00A0C91BC942}") = "liblua", "liblua.vcxproj", "{FAC6F85E-7B5A-457E-A255-A0B819EA70BB}"
	ProjectSection(ProjectDependencies) = postProject
		{B86A602E-34B6-47B2-9744-CF7E44272A63} = {B86A602E-34B6-47B2-9744-CF7E44272A63}
	EndProjectSection
EndProject
Project("{8BC9CEB8-8B4A-11D0-8D11-00A0C91BC942}") = "lua", "lua.vcxproj", "{523EAD96-D33C-42FB-A3FF-4E447330AF5E}"
	ProjectSection(ProjectDependencies) = postProject
		{B86A602E-34B6-47B2-9744-CF7E44272A63} = {B86A602E-34B6-47B2-9744-CF7E44272A63}
		{FAC6F85E-7B5A-457E-A255-A0B819EA70BB} = {FAC6F85E-7B5A-457E-A255-A0B819EA70BB}
	EndProjectSection
EndProject
Project("{8BC9CEB8-8B4A-11D0-8D11-00A0C91BC942}") = "luac", "luac.vcxproj", "{15D3DF18-E38E-44C1-818A-E978E82FB045}"
	ProjectSection(ProjectDependencies) = postProject
		{B86A602E-34B6-47B2-9744-CF7E44272A63} = {B86A602E-34B6-47B2-9744-CF7E44272A63}
	EndProjectSection
EndProject
Project("{8BC9CEB8-8B4A-11D0-8D11-00A0C91BC942}") = "wlua", "wlua.vcxproj", "{840EDE56-AFFF-4EDA-A28F-A639CE971E57}"
	ProjectSection(ProjectDependencies) = postProject
		{B86A602E-34B6-47B2-9744-CF7E44272A63} = {B86A602E-34B6-47B2-9744-CF7E44272A63}
		{FAC6F85E-7B5A-457E-A255-A0B819EA70BB} = {FAC6F85E-7B5A-457E-A255-A0B819EA70BB}
	EndProjectSection
EndProject
Global
	GlobalSection(SolutionConfigurationPlatforms) = preSolution
		Debug|Win32 = Debug|Win32
		Release|Win32 = Release|Win32
		MinSizeRel|Win32 = MinSizeRel|Win32
		RelWithDebInfo|Win32 = RelWithDebInfo|Win32
	EndGlobalSection
	GlobalSection(ProjectConfigurationPlatforms) = postSolution
		{1D0B26A1-3313-4DD5-8929-74076885545D}.Debug|Win32.ActiveCfg = Debug|Win32
		{1D0B26A1-3313-4DD5-8929-74076885545D}.Debug|Win32.Build.0 = Debug|Win32
		{1D0B26A1-3313-4DD5-8929-74076885545D}.Release|Win32.ActiveCfg = Release|Win32
		{1D0B26A1-3313-4DD5-8929-74076885545D}.Release|Win32.Build.0 = Release|Win32
		{1D0B26A1-3313-4DD5-8929-74076885545D}.MinSizeRel|Win32.ActiveCfg = MinSizeRel|Win32
		{1D0B26A1-3313-4DD5-8929-74076885545D}.MinSizeRel|Win32.Build.0 = MinSizeRel|Win32
		{1D0B26A1-3313-4DD5-8929-74076885545D}.RelWithDebInfo|Win32.ActiveCfg = RelWithDebInfo|Win32
		{1D0B26A1-3313-4DD5-8929-74076885545D}.RelWithDebInfo|Win32.Build.0 = RelWithDebInfo|Win32
		{20784FF0-81AA-4BBC-98AE-41B86F532993}.Debug|Win32.ActiveCfg = Debug|Win32
		{20784FF0-81AA-4BBC-98AE-41B86F532993}.Release|Win32.ActiveCfg = Release|Win32
		{20784FF0-81AA-4BBC-98AE-41B86F532993}.MinSizeRel|Win32.ActiveCfg = MinSizeRel|Win32
		{20784FF0-81AA-4BBC-98AE-41B86F532993}.RelWithDebInfo|Win32.ActiveCfg = RelWithDebInfo|Win32
		{77504B33-2D64-4DAD-8D5F-60F8E7060F26}.Debug|Win32.ActiveCfg = Debug|Win32
		{77504B33-2D64-4DAD-8D5F-60F8E7060F26}.Release|Win32.ActiveCfg = Release|Win32
		{77504B33-2D64-4DAD-8D5F-60F8E7060F26}.MinSizeRel|Win32.ActiveCfg = MinSizeRel|Win32
		{77504B33-2D64-4DAD-8D5F-60F8E7060F26}.RelWithDebInfo|Win32.ActiveCfg = RelWithDebInfo|Win32
		{B86A602E-34B6-47B2-9744-CF7E44272A63}.Debug|Win32.ActiveCfg = Debug|Win32
		{B86A602E-34B6-47B2-9744-CF7E44272A63}.Debug|Win32.Build.0 = Debug|Win32
		{B86A602E-34B6-47B2-9744-CF7E44272A63}.Release|Win32.ActiveCfg = Release|Win32
		{B86A602E-34B6-47B2-9744-CF7E44272A63}.Release|Win32.Build.0 = Release|Win32
		{B86A602E-34B6-47B2-9744-CF7E44272A63}.MinSizeRel|Win32.ActiveCfg = MinSizeRel|Win32
		{B86A602E-34B6-47B2-9744-CF7E44272A63}.MinSizeRel|Win32.Build.0 = MinSizeRel|Win32
		{B86A602E-34B6-47B2-9744-CF7E44272A63}.RelWithDebInfo|Win32.ActiveCfg = RelWithDebInfo|Win32
		{B86A602E-34B6-47B2-9744-CF7E44272A63}.RelWithDebInfo|Win32.Build.0 = RelWithDebInfo|Win32
		{FAC6F85E-7B5A-457E-A255-A0B819EA70BB}.Debug|Win32.ActiveCfg = Debug|Win32
		{FAC6F85E-7B5A-457E-A255-A0B819EA70BB}.Debug|Win32.Build.0 = Debug|Win32
		{FAC6F85E-7B5A-457E-A255-A0B819EA70BB}.Release|Win32.ActiveCfg = Release|Win32
		{FAC6F85E-7B5A-457E-A255-A0B819EA70BB}.Release|Win32.Build.0 = Release|Win32
		{FAC6F85E-7B5A-457E-A255-A0B819EA70BB}.MinSizeRel|Win32.ActiveCfg = MinSizeRel|Win32
		{FAC6F85E-7B5A-457E-A255-A0B819EA70BB}.MinSizeRel|Win32.Build.0 = MinSizeRel|Win32
		{FAC6F85E-7B5A-457E-A255-A0B819EA70BB}.RelWithDebInfo|Win32.ActiveCfg = RelWithDebInfo|Win32
		{FAC6F85E-7B5A-457E-A255-A0B819EA70BB}.RelWithDebInfo|Win32.Build.0 = RelWithDebInfo|Win32
		{523EAD96-D33C-42FB-A3FF-4E447330AF5E}.Debug|Win32.ActiveCfg = Debug|Win32
		{523EAD96-D33C-42FB-A3FF-4E447330AF5E}.Debug|Win32.Build.0 = Debug|Win32
		{523EAD96-D33C-42FB-A3FF-4E447330AF5E}.Release|Win32.ActiveCfg = Release|Win32
		{523EAD96-D33C-42FB-A3FF-4E447330AF5E}.Release|Win32.Build.0 = Release|Win32
		{523EAD96-D33C-42FB-A3FF-4E447330AF5E}.MinSizeRel|Win32.ActiveCfg = MinSizeRel|Win32
		{523EAD96-D33C-42FB-A3FF-4E447330AF5E}.MinSizeRel|Win32.Build.0 = MinSizeRel|Win32
		{523EAD96-D33C-42FB-A3FF-4E447330AF5E}.RelWithDebInfo|Win32.ActiveCfg = RelWithDebInfo|Win32
		{523EAD96-D33C-42FB-A3FF-4E447330AF5E}.RelWithDebInfo|Win32.Build.0 = RelWithDebInfo|Win32
		{15D3DF18-E38E-44C1-818A-E978E82FB045}.Debug|Win32.ActiveCfg = Debug|Win32
		{15D3DF18-E38E-44C1-818A-E978E82FB045}.Debug|Win32.Build.0 = Debug|Win32
		{15D3DF18-E38E-44C1-818A-E978E82FB045}.Release|Win32.ActiveCfg = Release|Win32
		{15D3DF18-E38E-44C1-818A-E978E82FB045}.Release|Win32.Build.0 = Release|Win32
		{15D3DF18-E38E-44C1-818A-E978E82FB045}.MinSizeRel|Win32.ActiveCfg = MinSizeRel|Win32
		{15D3DF18-E38E-44C1-818A-E978E82FB045}.MinSizeRel|Win32.Build.0 = MinSizeRel|Win32
		{15D3DF18-E38E-44C1-818A-E978E82FB045}.RelWithDebInfo|Win32.ActiveCfg = RelWithDebInfo|Win32
		{15D3DF18-E38E-44C1-818A-E978E82FB045}.RelWithDebInfo|Win32.Build.0 = RelWithDebInfo|Win32
		{840EDE56-AFFF-4EDA-A28F-A639CE971E57}.Debug|Win32.ActiveCfg = Debug|Win32
		{840EDE56-AFFF-4EDA-A28F-A639CE971E57}.Debug|Win32.Build.0 = Debug|Win32
		{840EDE56-AFFF-4EDA-A28F-A639CE971E57}.Release|Win32.ActiveCfg = Release|Win32
		{840EDE56-AFFF-4EDA-A28F-A639CE971E57}.Release|Win32.Build.0 = Release|Win32
		{840EDE56-AFFF-4EDA-A28F-A639CE971E57}.MinSizeRel|Win32.ActiveCfg = MinSizeRel|Win32
		{840EDE56-AFFF-4EDA-A28F-A639CE971E57}.MinSizeRel|Win32.Build.0 = MinSizeRel|Win32
		{840EDE56-AFFF-4EDA-A28F-A639CE971E57}.RelWithDebInfo|Win32.ActiveCfg = RelWithDebInfo|Win32
		{840EDE56-AFFF-4EDA-A28F-A639CE971E57}.RelWithDebInfo|Win32.Build.0 = RelWithDebInfo|Win32
	EndGlobalSection
	GlobalSection(ExtensibilityGlobals) = postSolution
	EndGlobalSection
	GlobalSection(ExtensibilityAddIns) = postSolution
	EndGlobalSection
EndGlobal
